// !$*UTF8*$!
{
	archiveVersion = 1;
	classes = {
	};
	objectVersion = 46;
	objects = {

/* Begin PBXBuildFile section */
		932B753618643482007349A8 /* Foundation.framework in Frameworks */ = {isa = PBXBuildFile; fileRef = 932B753518643482007349A8 /* Foundation.framework */; };
		932B753818643482007349A8 /* CoreGraphics.framework in Frameworks */ = {isa = PBXBuildFile; fileRef = 932B753718643482007349A8 /* CoreGraphics.framework */; };
		932B753A18643482007349A8 /* UIKit.framework in Frameworks */ = {isa = PBXBuildFile; fileRef = 932B753918643482007349A8 /* UIKit.framework */; };
		932B754018643482007349A8 /* InfoPlist.strings in Resources */ = {isa = PBXBuildFile; fileRef = 932B753E18643482007349A8 /* InfoPlist.strings */; };
		932B754218643482007349A8 /* main.m in Sources */ = {isa = PBXBuildFile; fileRef = 932B754118643482007349A8 /* main.m */; };
		932B754618643482007349A8 /* AppDelegate.m in Sources */ = {isa = PBXBuildFile; fileRef = 932B754518643482007349A8 /* AppDelegate.m */; };
		932B754918643482007349A8 /* Main.storyboard in Resources */ = {isa = PBXBuildFile; fileRef = 932B754718643482007349A8 /* Main.storyboard */; };
		932B754C18643482007349A8 /* ViewController.m in Sources */ = {isa = PBXBuildFile; fileRef = 932B754B18643482007349A8 /* ViewController.m */; };
		932B754E18643482007349A8 /* Images.xcassets in Resources */ = {isa = PBXBuildFile; fileRef = 932B754D18643482007349A8 /* Images.xcassets */; };
		932B755518643482007349A8 /* XCTest.framework in Frameworks */ = {isa = PBXBuildFile; fileRef = 932B755418643482007349A8 /* XCTest.framework */; };
		932B755618643482007349A8 /* Foundation.framework in Frameworks */ = {isa = PBXBuildFile; fileRef = 932B753518643482007349A8 /* Foundation.framework */; };
		932B755718643482007349A8 /* UIKit.framework in Frameworks */ = {isa = PBXBuildFile; fileRef = 932B753918643482007349A8 /* UIKit.framework */; };
		932B755F18643482007349A8 /* InfoPlist.strings in Resources */ = {isa = PBXBuildFile; fileRef = 932B755D18643482007349A8 /* InfoPlist.strings */; };
		932B756118643482007349A8 /* AudioMeasurementTests.m in Sources */ = {isa = PBXBuildFile; fileRef = 932B756018643482007349A8 /* AudioMeasurementTests.m */; };
		932B757A18682133007349A8 /* LabeledSlider.m in Sources */ = {isa = PBXBuildFile; fileRef = 932B757918682133007349A8 /* LabeledSlider.m */; };
/* End PBXBuildFile section */

/* Begin PBXContainerItemProxy section */
		932B755818643482007349A8 /* PBXContainerItemProxy */ = {
			isa = PBXContainerItemProxy;
			containerPortal = 932B752A18643482007349A8 /* Project object */;
			proxyType = 1;
			remoteGlobalIDString = 932B753118643482007349A8;
			remoteInfo = AVAudioRecorder;
		};
/* End PBXContainerItemProxy section */

/* Begin PBXFileReference section */
		932B753218643482007349A8 /* AudioMeasurement.app */ = {isa = PBXFileReference; explicitFileType = wrapper.application; includeInIndex = 0; path = AudioMeasurement.app; sourceTree = BUILT_PRODUCTS_DIR; };
		932B753518643482007349A8 /* Foundation.framework */ = {isa = PBXFileReference; lastKnownFileType = wrapper.framework; name = Foundation.framework; path = System/Library/Frameworks/Foundation.framework; sourceTree = SDKROOT; };
		932B753718643482007349A8 /* CoreGraphics.framework */ = {isa = PBXFileReference; lastKnownFileType = wrapper.framework; name = CoreGraphics.framework; path = System/Library/Frameworks/CoreGraphics.framework; sourceTree = SDKROOT; };
		932B753918643482007349A8 /* UIKit.framework */ = {isa = PBXFileReference; lastKnownFileType = wrapper.framework; name = UIKit.framework; path = System/Library/Frameworks/UIKit.framework; sourceTree = SDKROOT; };
		932B753F18643482007349A8 /* en */ = {isa = PBXFileReference; lastKnownFileType = text.plist.strings; name = en; path = en.lproj/InfoPlist.strings; sourceTree = "<group>"; };
		932B754118643482007349A8 /* main.m */ = {isa = PBXFileReference; lastKnownFileType = sourcecode.c.objc; path = main.m; sourceTree = "<group>"; };
		932B754318643482007349A8 /* AudioMeasurement-Prefix.pch */ = {isa = PBXFileReference; lastKnownFileType = sourcecode.c.h; path = "AudioMeasurement-Prefix.pch"; sourceTree = "<group>"; };
		932B754418643482007349A8 /* AppDelegate.h */ = {isa = PBXFileReference; lastKnownFileType = sourcecode.c.h; path = AppDelegate.h; sourceTree = "<group>"; };
		932B754518643482007349A8 /* AppDelegate.m */ = {isa = PBXFileReference; lastKnownFileType = sourcecode.c.objc; path = AppDelegate.m; sourceTree = "<group>"; };
		932B754818643482007349A8 /* Base */ = {isa = PBXFileReference; lastKnownFileType = file.storyboard; name = Base; path = Base.lproj/Main.storyboard; sourceTree = "<group>"; };
		932B754A18643482007349A8 /* ViewController.h */ = {isa = PBXFileReference; lastKnownFileType = sourcecode.c.h; path = ViewController.h; sourceTree = "<group>"; };
		932B754B18643482007349A8 /* ViewController.m */ = {isa = PBXFileReference; lastKnownFileType = sourcecode.c.objc; path = ViewController.m; sourceTree = "<group>"; };
		932B754D18643482007349A8 /* Images.xcassets */ = {isa = PBXFileReference; lastKnownFileType = folder.assetcatalog; path = Images.xcassets; sourceTree = "<group>"; };
		932B755318643482007349A8 /* AudioMeasurementTests.xctest */ = {isa = PBXFileReference; explicitFileType = wrapper.cfbundle; includeInIndex = 0; path = AudioMeasurementTests.xctest; sourceTree = BUILT_PRODUCTS_DIR; };
		932B755418643482007349A8 /* XCTest.framework */ = {isa = PBXFileReference; lastKnownFileType = wrapper.framework; name = XCTest.framework; path = Library/Frameworks/XCTest.framework; sourceTree = DEVELOPER_DIR; };
		932B755C18643482007349A8 /* AudioMeasurementTests-Info.plist */ = {isa = PBXFileReference; lastKnownFileType = text.plist.xml; path = "AudioMeasurementTests-Info.plist"; sourceTree = "<group>"; };
		932B755E18643482007349A8 /* en */ = {isa = PBXFileReference; lastKnownFileType = text.plist.strings; name = en; path = en.lproj/InfoPlist.strings; sourceTree = "<group>"; };
		932B756018643482007349A8 /* AudioMeasurementTests.m */ = {isa = PBXFileReference; lastKnownFileType = sourcecode.c.objc; path = AudioMeasurementTests.m; sourceTree = "<group>"; };
		932B757818682133007349A8 /* LabeledSlider.h */ = {isa = PBXFileReference; fileEncoding = 4; lastKnownFileType = sourcecode.c.h; path = LabeledSlider.h; sourceTree = "<group>"; };
		932B757918682133007349A8 /* LabeledSlider.m */ = {isa = PBXFileReference; fileEncoding = 4; lastKnownFileType = sourcecode.c.objc; path = LabeledSlider.m; sourceTree = "<group>"; };
/* End PBXFileReference section */

/* Begin PBXFrameworksBuildPhase section */
		932B752F18643482007349A8 /* Frameworks */ = {
			isa = PBXFrameworksBuildPhase;
			buildActionMask = 2147483647;
			files = (
				932B753818643482007349A8 /* CoreGraphics.framework in Frameworks */,
				932B753A18643482007349A8 /* UIKit.framework in Frameworks */,
				932B753618643482007349A8 /* Foundation.framework in Frameworks */,
			);
			runOnlyForDeploymentPostprocessing = 0;
		};
		932B755018643482007349A8 /* Frameworks */ = {
			isa = PBXFrameworksBuildPhase;
			buildActionMask = 2147483647;
			files = (
				932B755518643482007349A8 /* XCTest.framework in Frameworks */,
				932B755718643482007349A8 /* UIKit.framework in Frameworks */,
				932B755618643482007349A8 /* Foundation.framework in Frameworks */,
			);
			runOnlyForDeploymentPostprocessing = 0;
		};
/* End PBXFrameworksBuildPhase section */

/* Begin PBXGroup section */
		932B752918643482007349A8 = {
			isa = PBXGroup;
			children = (
				932B753B18643482007349A8 /* AudioMeasurement */,
				932B755A18643482007349A8 /* AudioMeasurementTests */,
				932B753418643482007349A8 /* Frameworks */,
				932B753318643482007349A8 /* Products */,
			);
			sourceTree = "<group>";
		};
		932B753318643482007349A8 /* Products */ = {
			isa = PBXGroup;
			children = (
				932B753218643482007349A8 /* AudioMeasurement.app */,
				932B755318643482007349A8 /* AudioMeasurementTests.xctest */,
			);
			name = Products;
			sourceTree = "<group>";
		};
		932B753418643482007349A8 /* Frameworks */ = {
			isa = PBXGroup;
			children = (
				932B753518643482007349A8 /* Foundation.framework */,
				932B753718643482007349A8 /* CoreGraphics.framework */,
				932B753918643482007349A8 /* UIKit.framework */,
				932B755418643482007349A8 /* XCTest.framework */,
			);
			name = Frameworks;
			sourceTree = "<group>";
		};
		932B753B18643482007349A8 /* AudioMeasurement */ = {
			isa = PBXGroup;
			children = (
				932B754418643482007349A8 /* AppDelegate.h */,
				932B754518643482007349A8 /* AppDelegate.m */,
				932B754718643482007349A8 /* Main.storyboard */,
				932B754A18643482007349A8 /* ViewController.h */,
				932B754B18643482007349A8 /* ViewController.m */,
				932B757818682133007349A8 /* LabeledSlider.h */,
				932B757918682133007349A8 /* LabeledSlider.m */,
				932B754D18643482007349A8 /* Images.xcassets */,
				932B753C18643482007349A8 /* Supporting Files */,
			);
			path = AudioMeasurement;
			sourceTree = "<group>";
		};
		932B753C18643482007349A8 /* Supporting Files */ = {
			isa = PBXGroup;
			children = (
				932B753E18643482007349A8 /* InfoPlist.strings */,
				932B754118643482007349A8 /* main.m */,
				932B754318643482007349A8 /* AudioMeasurement-Prefix.pch */,
			);
			name = "Supporting Files";
			sourceTree = "<group>";
		};
		932B755A18643482007349A8 /* AudioMeasurementTests */ = {
			isa = PBXGroup;
			children = (
				932B756018643482007349A8 /* AudioMeasurementTests.m */,
				932B755B18643482007349A8 /* Supporting Files */,
			);
			path = AudioMeasurementTests;
			sourceTree = "<group>";
		};
		932B755B18643482007349A8 /* Supporting Files */ = {
			isa = PBXGroup;
			children = (
				932B755C18643482007349A8 /* AudioMeasurementTests-Info.plist */,
				932B755D18643482007349A8 /* InfoPlist.strings */,
			);
			name = "Supporting Files";
			sourceTree = "<group>";
		};
/* End PBXGroup section */

/* Begin PBXNativeTarget section */
		932B753118643482007349A8 /* AudioMeasurement */ = {
			isa = PBXNativeTarget;
			buildConfigurationList = 932B756418643482007349A8 /* Build configuration list for PBXNativeTarget "AudioMeasurement" */;
			buildPhases = (
				932B752E18643482007349A8 /* Sources */,
				932B752F18643482007349A8 /* Frameworks */,
				932B753018643482007349A8 /* Resources */,
			);
			buildRules = (
			);
			dependencies = (
			);
			name = AudioMeasurement;
			productName = AVAudioRecorder;
			productReference = 932B753218643482007349A8 /* AudioMeasurement.app */;
			productType = "com.apple.product-type.application";
		};
		932B755218643482007349A8 /* AudioMeasurementTests */ = {
			isa = PBXNativeTarget;
			buildConfigurationList = 932B756718643482007349A8 /* Build configuration list for PBXNativeTarget "AudioMeasurementTests" */;
			buildPhases = (
				932B754F18643482007349A8 /* Sources */,
				932B755018643482007349A8 /* Frameworks */,
				932B755118643482007349A8 /* Resources */,
			);
			buildRules = (
			);
			dependencies = (
				932B755918643482007349A8 /* PBXTargetDependency */,
			);
			name = AudioMeasurementTests;
			productName = AVAudioRecorderTests;
			productReference = 932B755318643482007349A8 /* AudioMeasurementTests.xctest */;
			productType = "com.apple.product-type.bundle.unit-test";
		};
/* End PBXNativeTarget section */

/* Begin PBXProject section */
		932B752A18643482007349A8 /* Project object */ = {
			isa = PBXProject;
			attributes = {
				LastUpgradeCheck = 0500;
				ORGANIZATIONNAME = "Naoto Yoshioka";
				TargetAttributes = {
					932B755218643482007349A8 = {
						TestTargetID = 932B753118643482007349A8;
					};
				};
			};
			buildConfigurationList = 932B752D18643482007349A8 /* Build configuration list for PBXProject "AudioMeasurement" */;
			compatibilityVersion = "Xcode 3.2";
			developmentRegion = English;
			hasScannedForEncodings = 0;
			knownRegions = (
				en,
				Base,
			);
			mainGroup = 932B752918643482007349A8;
			productRefGroup = 932B753318643482007349A8 /* Products */;
			projectDirPath = "";
			projectRoot = "";
			targets = (
				932B753118643482007349A8 /* AudioMeasurement */,
				932B755218643482007349A8 /* AudioMeasurementTests */,
			);
		};
/* End PBXProject section */

/* Begin PBXResourcesBuildPhase section */
		932B753018643482007349A8 /* Resources */ = {
			isa = PBXResourcesBuildPhase;
			buildActionMask = 2147483647;
			files = (
				932B754E18643482007349A8 /* Images.xcassets in Resources */,
				932B754018643482007349A8 /* InfoPlist.strings in Resources */,
				932B754918643482007349A8 /* Main.storyboard in Resources */,
			);
			runOnlyForDeploymentPostprocessing = 0;
		};
		932B755118643482007349A8 /* Resources */ = {
			isa = PBXResourcesBuildPhase;
			buildActionMask = 2147483647;
			files = (
				932B755F18643482007349A8 /* InfoPlist.strings in Resources */,
			);
			runOnlyForDeploymentPostprocessing = 0;
		};
/* End PBXResourcesBuildPhase section */

/* Begin PBXSourcesBuildPhase section */
		932B752E18643482007349A8 /* Sources */ = {
			isa = PBXSourcesBuildPhase;
			buildActionMask = 2147483647;
			files = (
				932B754C18643482007349A8 /* ViewController.m in Sources */,
				932B754618643482007349A8 /* AppDelegate.m in Sources */,
				932B757A18682133007349A8 /* LabeledSlider.m in Sources */,
				932B754218643482007349A8 /* main.m in Sources */,
			);
			runOnlyForDeploymentPostprocessing = 0;
		};
		932B754F18643482007349A8 /* Sources */ = {
			isa = PBXSourcesBuildPhase;
			buildActionMask = 2147483647;
			files = (
				932B756118643482007349A8 /* AudioMeasurementTests.m in Sources */,
			);
			runOnlyForDeploymentPostprocessing = 0;
		};
/* End PBXSourcesBuildPhase section */

/* Begin PBXTargetDependency section */
		932B755918643482007349A8 /* PBXTargetDependency */ = {
			isa = PBXTargetDependency;
			target = 932B753118643482007349A8 /* AudioMeasurement */;
			targetProxy = 932B755818643482007349A8 /* PBXContainerItemProxy */;
		};
/* End PBXTargetDependency section */

/* Begin PBXVariantGroup section */
		932B753E18643482007349A8 /* InfoPlist.strings */ = {
			isa = PBXVariantGroup;
			children = (
				932B753F18643482007349A8 /* en */,
			);
			name = InfoPlist.strings;
			sourceTree = "<group>";
		};
		932B754718643482007349A8 /* Main.storyboard */ = {
			isa = PBXVariantGroup;
			children = (
				932B754818643482007349A8 /* Base */,
			);
			name = Main.storyboard;
			sourceTree = "<group>";
		};
		932B755D18643482007349A8 /* InfoPlist.strings */ = {
			isa = PBXVariantGroup;
			children = (
				932B755E18643482007349A8 /* en */,
			);
			name = InfoPlist.strings;
			sourceTree = "<group>";
		};
/* End PBXVariantGroup section */

/* Begin XCBuildConfiguration section */
		932B756218643482007349A8 /* Debug */ = {
			isa = XCBuildConfiguration;
			buildSettings = {
				ALWAYS_SEARCH_USER_PATHS = NO;
				ARCHS = "$(ARCHS_STANDARD_INCLUDING_64_BIT)";
				CLANG_CXX_LANGUAGE_STANDARD = "gnu++0x";
				CLANG_CXX_LIBRARY = "libc++";
				CLANG_ENABLE_MODULES = YES;
				CLANG_ENABLE_OBJC_ARC = YES;
				CLANG_WARN_BOOL_CONVERSION = YES;
				CLANG_WARN_CONSTANT_CONVERSION = YES;
				CLANG_WARN_DIRECT_OBJC_ISA_USAGE = YES_ERROR;
				CLANG_WARN_EMPTY_BODY = YES;
				CLANG_WARN_ENUM_CONVERSION = YES;
				CLANG_WARN_INT_CONVERSION = YES;
				CLANG_WARN_OBJC_ROOT_CLASS = YES_ERROR;
				CLANG_WARN__DUPLICATE_METHOD_MATCH = YES;
				"CODE_SIGN_IDENTITY[sdk=iphoneos*]" = "iPhone Developer";
				COPY_PHASE_STRIP = NO;
				GCC_C_LANGUAGE_STANDARD = gnu99;
				GCC_DYNAMIC_NO_PIC = NO;
				GCC_OPTIMIZATION_LEVEL = 0;
				GCC_PREPROCESSOR_DEFINITIONS = (
					"DEBUG=1",
					"$(inherited)",
				);
				GCC_SYMBOLS_PRIVATE_EXTERN = NO;
				GCC_WARN_64_TO_32_BIT_CONVERSION = YES;
				GCC_WARN_ABOUT_RETURN_TYPE = YES_ERROR;
				GCC_WARN_UNDECLARED_SELECTOR = YES;
				GCC_WARN_UNINITIALIZED_AUTOS = YES;
				GCC_WARN_UNUSED_FUNCTION = YES;
				GCC_WARN_UNUSED_VARIABLE = YES;
				IPHONEOS_DEPLOYMENT_TARGET = 7.0;
				ONLY_ACTIVE_ARCH = YES;
				SDKROOT = iphoneos;
			};
			name = Debug;
		};
		932B756318643482007349A8 /* Release */ = {
			isa = XCBuildConfiguration;
			buildSettings = {
				ALWAYS_SEARCH_USER_PATHS = NO;
				ARCHS = "$(ARCHS_STANDARD_INCLUDING_64_BIT)";
				CLANG_CXX_LANGUAGE_STANDARD = "gnu++0x";
				CLANG_CXX_LIBRARY = "libc++";
				CLANG_ENABLE_MODULES = YES;
				CLANG_ENABLE_OBJC_ARC = YES;
				CLANG_WARN_BOOL_CONVERSION = YES;
				CLANG_WARN_CONSTANT_CONVERSION = YES;
				CLANG_WARN_DIRECT_OBJC_ISA_USAGE = YES_ERROR;
				CLANG_WARN_EMPTY_BODY = YES;
				CLANG_WARN_ENUM_CONVERSION = YES;
				CLANG_WARN_INT_CONVERSION = YES;
				CLANG_WARN_OBJC_ROOT_CLASS = YES_ERROR;
				CLANG_WARN__DUPLICATE_METHOD_MATCH = YES;
				"CODE_SIGN_IDENTITY[sdk=iphoneos*]" = "iPhone Developer";
				COPY_PHASE_STRIP = YES;
				ENABLE_NS_ASSERTIONS = NO;
				GCC_C_LANGUAGE_STANDARD = gnu99;
				GCC_WARN_64_TO_32_BIT_CONVERSION = YES;
				GCC_WARN_ABOUT_RETURN_TYPE = YES_ERROR;
				GCC_WARN_UNDECLARED_SELECTOR = YES;
				GCC_WARN_UNINITIALIZED_AUTOS = YES;
				GCC_WARN_UNUSED_FUNCTION = YES;
				GCC_WARN_UNUSED_VARIABLE = YES;
				IPHONEOS_DEPLOYMENT_TARGET = 7.0;
				SDKROOT = iphoneos;
				VALIDATE_PRODUCT = YES;
			};
			name = Release;
		};
		932B756518643482007349A8 /* Debug */ = {
			isa = XCBuildConfiguration;
			buildSettings = {
				ASSETCATALOG_COMPILER_APPICON_NAME = AppIcon;
				ASSETCATALOG_COMPILER_LAUNCHIMAGE_NAME = LaunchImage;
				GCC_PRECOMPILE_PREFIX_HEADER = YES;
				GCC_PREFIX_HEADER = "AudioMeasurement/AudioMeasurement-Prefix.pch";
				INFOPLIST_FILE = "AudioMeasurement/AudioMeasurement-Info.plist";
				PRODUCT_NAME = AudioMeasurement;
				WRAPPER_EXTENSION = app;
			};
			name = Debug;
		};
		932B756618643482007349A8 /* Release */ = {
			isa = XCBuildConfiguration;
			buildSettings = {
				ASSETCATALOG_COMPILER_APPICON_NAME = AppIcon;
				ASSETCATALOG_COMPILER_LAUNCHIMAGE_NAME = LaunchImage;
				GCC_PRECOMPILE_PREFIX_HEADER = YES;
				GCC_PREFIX_HEADER = "AudioMeasurement/AudioMeasurement-Prefix.pch";
				INFOPLIST_FILE = "AudioMeasurement/AudioMeasurement-Info.plist";
				PRODUCT_NAME = AudioMeasurement;
				WRAPPER_EXTENSION = app;
			};
			name = Release;
		};
		932B756818643482007349A8 /* Debug */ = {
			isa = XCBuildConfiguration;
			buildSettings = {
				ARCHS = "$(ARCHS_STANDARD_INCLUDING_64_BIT)";
				BUNDLE_LOADER = "$(BUILT_PRODUCTS_DIR)/AVAudioRecorder.app/AVAudioRecorder";
				FRAMEWORK_SEARCH_PATHS = (
					"$(SDKROOT)/Developer/Library/Frameworks",
					"$(inherited)",
					"$(DEVELOPER_FRAMEWORKS_DIR)",
				);
				GCC_PRECOMPILE_PREFIX_HEADER = YES;
				GCC_PREFIX_HEADER = "AVAudioRecorder/AVAudioRecorder-Prefix.pch";
				GCC_PREPROCESSOR_DEFINITIONS = (
					"DEBUG=1",
					"$(inherited)",
				);
				INFOPLIST_FILE = "AVAudioRecorderTests/AudioMeasurementTests-Info.plist";
				PRODUCT_NAME = AudioMeasurementTests;
				TEST_HOST = "$(BUNDLE_LOADER)";
				WRAPPER_EXTENSION = xctest;
			};
			name = Debug;
		};
		932B756918643482007349A8 /* Release */ = {
			isa = XCBuildConfiguration;
			buildSettings = {
				ARCHS = "$(ARCHS_STANDARD_INCLUDING_64_BIT)";
				BUNDLE_LOADER = "$(BUILT_PRODUCTS_DIR)/AVAudioRecorder.app/AVAudioRecorder";
				FRAMEWORK_SEARCH_PATHS = (
					"$(SDKROOT)/Developer/Library/Frameworks",
					"$(inherited)",
					"$(DEVELOPER_FRAMEWORKS_DIR)",
				);
				GCC_PRECOMPILE_PREFIX_HEADER = YES;
				GCC_PREFIX_HEADER = "AVAudioRecorder/AVAudioRecorder-Prefix.pch";
				INFOPLIST_FILE = "AVAudioRecorderTests/AudioMeasurementTests-Info.plist";
				PRODUCT_NAME = AudioMeasurementTests;
				TEST_HOST = "$(BUNDLE_LOADER)";
				WRAPPER_EXTENSION = xctest;
			};
			name = Release;
		};
/* End XCBuildConfiguration section */

/* Begin XCConfigurationList section */
		932B752D18643482007349A8 /* Build configuration list for PBXProject "AudioMeasurement" */ = {
			isa = XCConfigurationList;
			buildConfigurations = (
				932B756218643482007349A8 /* Debug */,
				932B756318643482007349A8 /* Release */,
			);
			defaultConfigurationIsVisible = 0;
			defaultConfigurationName = Release;
		};
		932B756418643482007349A8 /* Build configuration list for PBXNativeTarget "AudioMeasurement" */ = {
			isa = XCConfigurationList;
			buildConfigurations = (
				932B756518643482007349A8 /* Debug */,
				932B756618643482007349A8 /* Release */,
			);
			defaultConfigurationIsVisible = 0;
		};
		932B756718643482007349A8 /* Build configuration list for PBXNativeTarget "AudioMeasurementTests" */ = {
			isa = XCConfigurationList;
			buildConfigurations = (
				932B756818643482007349A8 /* Debug */,
				932B756918643482007349A8 /* Release */,
			);
			defaultConfigurationIsVisible = 0;
		};
/* End XCConfigurationList section */
	};
	rootObject = 932B752A18643482007349A8 /* Project object */;
}
